
Microsoft Visual Studio Solution File, Format Version 12.00
Project("{2150E333-8FDC-42A3-9474-1A3956D46DE8}") = "Component", "Component", "{2D5672B9-38E2-4CB3-AC50-3D8F63A85F9B}"
EndProject
Project("{FAE04EC0-301F-11D3-BF4B-00C04F79EFBC}") = "App", "App\App.csproj", "{6A6A2A12-536D-41B6-8768-5B8BA2285962}"
EndProject
Project("{2150E333-8FDC-42A3-9474-1A3956D46DE8}") = "Testing", "Testing", "{941EF0DC-6045-45A2-B397-224CC985837C}"
EndProject
Project("{FAE04EC0-301F-11D3-BF4B-00C04F79EFBC}") = "UnitTests", "UnitTests\UnitTests.csproj", "{8FFFC530-EA77-42B1-807F-B78C7A16ADC2}"
EndProject
Project("{FAE04EC0-301F-11D3-BF4B-00C04F79EFBC}") = "Service", "Service\Service.csproj", "{8ED68BBD-925D-4A72-AF2E-FB0770AA58DB}"
EndProject
Project("{FAE04EC0-301F-11D3-BF4B-00C04F79EFBC}") = "Domain", "Domain\Domain.csproj", "{EE271FF0-2507-4513-87F6-072E8AA04763}"
EndProject
Global
	GlobalSection(SolutionConfigurationPlatforms) = preSolution
		Debug|Any CPU = Debug|Any CPU
		Release|Any CPU = Release|Any CPU
	EndGlobalSection
	GlobalSection(NestedProjects) = preSolution
		{6A6A2A12-536D-41B6-8768-5B8BA2285962} = {2D5672B9-38E2-4CB3-AC50-3D8F63A85F9B}
		{8FFFC530-EA77-42B1-807F-B78C7A16ADC2} = {941EF0DC-6045-45A2-B397-224CC985837C}
		{8ED68BBD-925D-4A72-AF2E-FB0770AA58DB} = {2D5672B9-38E2-4CB3-AC50-3D8F63A85F9B}
		{EE271FF0-2507-4513-87F6-072E8AA04763} = {2D5672B9-38E2-4CB3-AC50-3D8F63A85F9B}
	EndGlobalSection
	GlobalSection(ProjectConfigurationPlatforms) = postSolution
		{6A6A2A12-536D-41B6-8768-5B8BA2285962}.Debug|Any CPU.ActiveCfg = Debug|Any CPU
		{6A6A2A12-536D-41B6-8768-5B8BA2285962}.Debug|Any CPU.Build.0 = Debug|Any CPU
		{6A6A2A12-536D-41B6-8768-5B8BA2285962}.Release|Any CPU.ActiveCfg = Release|Any CPU
		{6A6A2A12-536D-41B6-8768-5B8BA2285962}.Release|Any CPU.Build.0 = Release|Any CPU
		{8FFFC530-EA77-42B1-807F-B78C7A16ADC2}.Debug|Any CPU.ActiveCfg = Debug|Any CPU
		{8FFFC530-EA77-42B1-807F-B78C7A16ADC2}.Debug|Any CPU.Build.0 = Debug|Any CPU
		{8FFFC530-EA77-42B1-807F-B78C7A16ADC2}.Release|Any CPU.ActiveCfg = Release|Any CPU
		{8FFFC530-EA77-42B1-807F-B78C7A16ADC2}.Release|Any CPU.Build.0 = Release|Any CPU
		{8ED68BBD-925D-4A72-AF2E-FB0770AA58DB}.Debug|Any CPU.ActiveCfg = Debug|Any CPU
		{8ED68BBD-925D-4A72-AF2E-FB0770AA58DB}.Debug|Any CPU.Build.0 = Debug|Any CPU
		{8ED68BBD-925D-4A72-AF2E-FB0770AA58DB}.Release|Any CPU.ActiveCfg = Release|Any CPU
		{8ED68BBD-925D-4A72-AF2E-FB0770AA58DB}.Release|Any CPU.Build.0 = Release|Any CPU
		{EE271FF0-2507-4513-87F6-072E8AA04763}.Debug|Any CPU.ActiveCfg = Debug|Any CPU
		{EE271FF0-2507-4513-87F6-072E8AA04763}.Debug|Any CPU.Build.0 = Debug|Any CPU
		{EE271FF0-2507-4513-87F6-072E8AA04763}.Release|Any CPU.ActiveCfg = Release|Any CPU
		{EE271FF0-2507-4513-87F6-072E8AA04763}.Release|Any CPU.Build.0 = Release|Any CPU
	EndGlobalSection
EndGlobal
